
Microsoft Visual Studio Solution File, Format Version 12.00
# Visual Studio Version 17
VisualStudioVersion = 17.7.34031.279
MinimumVisualStudioVersion = 10.0.40219.1
Project("{FAE04EC0-301F-11D3-BF4B-00C04F79EFBC}") = "davaleba13", "davaleba13.csproj", "{34A25A30-FAE3-4ABE-BFDB-B8AAEF6AF62B}"
EndProject
Global
	GlobalSection(SolutionConfigurationPlatforms) = preSolution
		Debug|Any CPU = Debug|Any CPU
		Release|Any CPU = Release|Any CPU
	EndGlobalSection
	GlobalSection(ProjectConfigurationPlatforms) = postSolution
		{34A25A30-FAE3-4ABE-BFDB-B8AAEF6AF62B}.Debug|Any CPU.ActiveCfg = Debug|Any CPU
		{34A25A30-FAE3-4ABE-BFDB-B8AAEF6AF62B}.Debug|Any CPU.Build.0 = Debug|Any CPU
		{34A25A30-FAE3-4ABE-BFDB-B8AAEF6AF62B}.Release|Any CPU.ActiveCfg = Release|Any CPU
		{34A25A30-FAE3-4ABE-BFDB-B8AAEF6AF62B}.Release|Any CPU.Build.0 = Release|Any CPU
	EndGlobalSection
	GlobalSection(SolutionProperties) = preSolution
		HideSolutionNode = FALSE
	EndGlobalSection
	GlobalSection(ExtensibilityGlobals) = postSolution
		SolutionGuid = {1A3D9914-2772-43BF-905B-0BEA7C2D4CCE}
	EndGlobalSection
EndGlobal
